
Microsoft Visual Studio Solution File, Format Version 12.00
# Visual Studio 15
VisualStudioVersion = 15.0.28307.329
MinimumVisualStudioVersion = 10.0.40219.1
Project("{FAE04EC0-301F-11D3-BF4B-00C04F79EFBC}") = "image_viewer", "image_viewer\image_viewer.csproj", "{F5728F4B-641A-45BF-A436-30D2E0697E41}"
EndProject
Global
	GlobalSection(SolutionConfigurationPlatforms) = preSolution
		Debug|Any CPU = Debug|Any CPU
		Release|Any CPU = Release|Any CPU
	EndGlobalSection
	GlobalSection(ProjectConfigurationPlatforms) = postSolution
		{F5728F4B-641A-45BF-A436-30D2E0697E41}.Debug|Any CPU.ActiveCfg = Debug|Any CPU
		{F5728F4B-641A-45BF-A436-30D2E0697E41}.Debug|Any CPU.Build.0 = Debug|Any CPU
		{F5728F4B-641A-45BF-A436-30D2E0697E41}.Release|Any CPU.ActiveCfg = Release|Any CPU
		{F5728F4B-641A-45BF-A436-30D2E0697E41}.Release|Any CPU.Build.0 = Release|Any CPU
	EndGlobalSection
	GlobalSection(SolutionProperties) = preSolution
		HideSolutionNode = FALSE
	EndGlobalSection
	GlobalSection(ExtensibilityGlobals) = postSolution
		SolutionGuid = {54F64077-523A-4374-B22F-05D035BE5F84}
	EndGlobalSection
EndGlobal
